
Microsoft Visual Studio Solution File, Format Version 12.00
# Visual Studio Version 17
VisualStudioVersion = 17.2.32616.157
MinimumVisualStudioVersion = 10.0.40219.1
Project("{9A19103F-16F7-4668-BE54-9A1E7A4F7556}") = "FunctionAppDBJ", "FunctionAppDBJ.csproj", "{92AFD877-C87D-451F-B80E-E7A136CEAD47}"
EndProject
Global
	GlobalSection(SolutionConfigurationPlatforms) = preSolution
		Debug|Any CPU = Debug|Any CPU
		Release|Any CPU = Release|Any CPU
	EndGlobalSection
	GlobalSection(ProjectConfigurationPlatforms) = postSolution
		{92AFD877-C87D-451F-B80E-E7A136CEAD47}.Debug|Any CPU.ActiveCfg = Debug|Any CPU
		{92AFD877-C87D-451F-B80E-E7A136CEAD47}.Debug|Any CPU.Build.0 = Debug|Any CPU
		{92AFD877-C87D-451F-B80E-E7A136CEAD47}.Release|Any CPU.ActiveCfg = Release|Any CPU
		{92AFD877-C87D-451F-B80E-E7A136CEAD47}.Release|Any CPU.Build.0 = Release|Any CPU
	EndGlobalSection
	GlobalSection(SolutionProperties) = preSolution
		HideSolutionNode = FALSE
	EndGlobalSection
	GlobalSection(ExtensibilityGlobals) = postSolution
		SolutionGuid = {EFDDC24E-35CA-4AC4-9EE2-A449DABA29B6}
	EndGlobalSection
EndGlobal
