
Microsoft Visual Studio Solution File, Format Version 12.00
# Visual Studio Version 16
VisualStudioVersion = 16.0.31624.102
MinimumVisualStudioVersion = 10.0.40219.1
Project("{FAE04EC0-301F-11D3-BF4B-00C04F79EFBC}") = "testing_protected_assembly", "testing_protected_assembly.csproj", "{23DEAE8E-79EE-474E-95E1-1C15C0517753}"
EndProject
Project("{FAE04EC0-301F-11D3-BF4B-00C04F79EFBC}") = "protected_assembly", "..\protected_assembly\protected_assembly.csproj", "{79067B97-0B80-48C3-B601-69605715A3FE}"
EndProject
Project("{2150E333-8FDC-42A3-9474-1A3956D46DE8}") = "Solution Items", "Solution Items", "{E82473C6-F8CE-47E8-9897-0D3B5EC68E0D}"
	ProjectSection(SolutionItems) = preProject
		readme.md = readme.md
	EndProjectSection
EndProject
Global
	GlobalSection(SolutionConfigurationPlatforms) = preSolution
		Debug|Any CPU = Debug|Any CPU
		Release|Any CPU = Release|Any CPU
	EndGlobalSection
	GlobalSection(ProjectConfigurationPlatforms) = postSolution
		{23DEAE8E-79EE-474E-95E1-1C15C0517753}.Debug|Any CPU.ActiveCfg = Debug|Any CPU
		{23DEAE8E-79EE-474E-95E1-1C15C0517753}.Debug|Any CPU.Build.0 = Debug|Any CPU
		{23DEAE8E-79EE-474E-95E1-1C15C0517753}.Release|Any CPU.ActiveCfg = Release|Any CPU
		{23DEAE8E-79EE-474E-95E1-1C15C0517753}.Release|Any CPU.Build.0 = Release|Any CPU
		{79067B97-0B80-48C3-B601-69605715A3FE}.Debug|Any CPU.ActiveCfg = Debug|Any CPU
		{79067B97-0B80-48C3-B601-69605715A3FE}.Debug|Any CPU.Build.0 = Debug|Any CPU
		{79067B97-0B80-48C3-B601-69605715A3FE}.Release|Any CPU.ActiveCfg = Release|Any CPU
		{79067B97-0B80-48C3-B601-69605715A3FE}.Release|Any CPU.Build.0 = Release|Any CPU
	EndGlobalSection
	GlobalSection(SolutionProperties) = preSolution
		HideSolutionNode = FALSE
	EndGlobalSection
	GlobalSection(ExtensibilityGlobals) = postSolution
		SolutionGuid = {7FF506A6-C8F1-4C6A-B488-466C26BE8467}
	EndGlobalSection
EndGlobal
