
Microsoft Visual Studio Solution File, Format Version 11.00
# Visual Studio 2010
Project("{FAE04EC0-301F-11D3-BF4B-00C04F79EFBC}") = "dbjHL", "dbjHL.csproj", "{B3C4889B-DF1B-47CC-806D-ED7CC76B5A6C}"
EndProject
Project("{FAE04EC0-301F-11D3-BF4B-00C04F79EFBC}") = "dbjAF", "dbjAF\dbjAF.csproj", "{9F195862-57F6-469A-ADD8-6CD4856E8725}"
EndProject
Global
	GlobalSection(SolutionConfigurationPlatforms) = preSolution
		Debug|Any CPU = Debug|Any CPU
		Release|Any CPU = Release|Any CPU
	EndGlobalSection
	GlobalSection(ProjectConfigurationPlatforms) = postSolution
		{9F195862-57F6-469A-ADD8-6CD4856E8725}.Debug|Any CPU.ActiveCfg = Debug|Any CPU
		{9F195862-57F6-469A-ADD8-6CD4856E8725}.Debug|Any CPU.Build.0 = Debug|Any CPU
		{9F195862-57F6-469A-ADD8-6CD4856E8725}.Release|Any CPU.ActiveCfg = Release|Any CPU
		{9F195862-57F6-469A-ADD8-6CD4856E8725}.Release|Any CPU.Build.0 = Release|Any CPU
		{B3C4889B-DF1B-47CC-806D-ED7CC76B5A6C}.Debug|Any CPU.ActiveCfg = Debug|Any CPU
		{B3C4889B-DF1B-47CC-806D-ED7CC76B5A6C}.Debug|Any CPU.Build.0 = Debug|Any CPU
		{B3C4889B-DF1B-47CC-806D-ED7CC76B5A6C}.Release|Any CPU.ActiveCfg = Release|Any CPU
		{B3C4889B-DF1B-47CC-806D-ED7CC76B5A6C}.Release|Any CPU.Build.0 = Release|Any CPU
	EndGlobalSection
	GlobalSection(MonoDevelopProperties) = preSolution
		StartupItem = dbjHL.csproj
		Policies = $0
		$0.DotNetNamingPolicy = $1
		$1.DirectoryNamespaceAssociation = None
		$1.ResourceNamePolicy = FileFormatDefault
		$0.StandardHeader = $2
		$2.Text = @/*\n\n  (c) 201 by DBJ();  \n  LicenseL GPL v2 / MIT\n\n*/
		$2.IncludeInNewFiles = True
		$0.VersionControlPolicy = $3
		$3.inheritsSet = Mono
		$0.ChangeLogPolicy = $4
		$4.UpdateMode = None
		$4.MessageStyle = $5
		$5.LineAlign = 0
		$4.inheritsSet = Mono
		description = @1. home url in resources\n2. splash screen\n3. vibration upon home page first finish
		version = 0.3
	EndGlobalSection
EndGlobal
