
Microsoft Visual Studio Solution File, Format Version 12.00
# Visual Studio 15
VisualStudioVersion = 15.0.27130.2010
MinimumVisualStudioVersion = 10.0.40219.1
Project("{9092AA53-FB77-4645-B42D-1CCCA6BD08BD}") = "dbj.cond.comparators", "dbj.cond.comparators\dbj.cond.comparators.njsproj", "{43310396-2898-4BEE-9B21-FC5B06FC9522}"
EndProject
Global
	GlobalSection(SolutionConfigurationPlatforms) = preSolution
		Debug|Any CPU = Debug|Any CPU
		Release|Any CPU = Release|Any CPU
	EndGlobalSection
	GlobalSection(ProjectConfigurationPlatforms) = postSolution
		{43310396-2898-4BEE-9B21-FC5B06FC9522}.Debug|Any CPU.ActiveCfg = Debug|Any CPU
		{43310396-2898-4BEE-9B21-FC5B06FC9522}.Debug|Any CPU.Build.0 = Debug|Any CPU
		{43310396-2898-4BEE-9B21-FC5B06FC9522}.Release|Any CPU.ActiveCfg = Release|Any CPU
		{43310396-2898-4BEE-9B21-FC5B06FC9522}.Release|Any CPU.Build.0 = Release|Any CPU
	EndGlobalSection
	GlobalSection(SolutionProperties) = preSolution
		HideSolutionNode = FALSE
	EndGlobalSection
	GlobalSection(ExtensibilityGlobals) = postSolution
		SolutionGuid = {FB06CA5F-5CC9-4AAA-A9D0-2D7D998819EB}
	EndGlobalSection
EndGlobal
